
Microsoft Visual Studio Solution File, Format Version 12.00
# Visual Studio Version 16
VisualStudioVersion = 16.0.30204.135
MinimumVisualStudioVersion = 10.0.40219.1
Project("{2150E333-8FDC-42A3-9474-1A3956D46DE8}") = "Array", "Array", "{C0CD2C73-7DC4-45B7-A854-A62E06C6F228}"
EndProject
Project("{9A19103F-16F7-4668-BE54-9A1E7A4F7556}") = "MajorityElementII", "MajorityElementII\MajorityElementII.csproj", "{CCCBBE0A-1D24-44D0-87A6-289059D32CCE}"
EndProject
Project("{9A19103F-16F7-4668-BE54-9A1E7A4F7556}") = "RemoveElement", "RemoveElement\RemoveElement.csproj", "{6D8527C1-58A5-44F3-B8BA-7D07DC4E3219}"
EndProject
Project("{9A19103F-16F7-4668-BE54-9A1E7A4F7556}") = "RemoveDuplicatesFromSortedArray", "RemoveDuplicatesFromSortedArray\RemoveDuplicatesFromSortedArray.csproj", "{3E69DC38-37C4-4F97-AEA4-48666E6E830E}"
EndProject
Project("{9A19103F-16F7-4668-BE54-9A1E7A4F7556}") = "RemoveDuplicatesFromSortedArrayII", "RemoveDuplicatesFromSortedArrayII\RemoveDuplicatesFromSortedArrayII.csproj", "{A937075C-BEEF-43E0-9886-DC358A9F4615}"
EndProject
Project("{9A19103F-16F7-4668-BE54-9A1E7A4F7556}") = "HIndexII", "HIndexII\HIndexII.csproj", "{11158119-871A-454A-9C6E-2211A724382F}"
EndProject
Project("{2150E333-8FDC-42A3-9474-1A3956D46DE8}") = "WeChatGroup", "WeChatGroup", "{3D638725-3CA7-49FE-AB14-4C07834768AB}"
EndProject
Project("{9A19103F-16F7-4668-BE54-9A1E7A4F7556}") = "DistributeRepeatingIntegers", "DistributeRepeatingIntegers\DistributeRepeatingIntegers.csproj", "{FCFE794C-33F7-43AC-BE1E-51AD1549BA84}"
EndProject
Project("{9A19103F-16F7-4668-BE54-9A1E7A4F7556}") = "LongestCommonSubsequence", "LongestCommonSubsequence\LongestCommonSubsequence.csproj", "{0024B107-3E90-44F3-AB44-C4FE9DE8FB03}"
EndProject
Project("{9A19103F-16F7-4668-BE54-9A1E7A4F7556}") = "InterleavingString", "InterleavingString\InterleavingString.csproj", "{FB4607F9-B031-4B98-8A12-215033A0DAFC}"
EndProject
Project("{9A19103F-16F7-4668-BE54-9A1E7A4F7556}") = "EditDistance", "EditDistance\EditDistance.csproj", "{2C580B50-4435-4131-8EF6-EF3BFECCAB5D}"
EndProject
Project("{9A19103F-16F7-4668-BE54-9A1E7A4F7556}") = "MinimumAsciiDeleteSumForTwoStrings", "MinimumAsciiDeleteSumForTwoStrings\MinimumAsciiDeleteSumForTwoStrings.csproj", "{F1B2D28A-201E-4EA3-975C-C2E9091FB6FB}"
EndProject
Project("{9A19103F-16F7-4668-BE54-9A1E7A4F7556}") = "DeleteOperationForTwoStrings", "DeleteOperationForTwoStrings\DeleteOperationForTwoStrings.csproj", "{165BAD85-1C1C-4BFE-8808-3A9CF55152A8}"
EndProject
Project("{9A19103F-16F7-4668-BE54-9A1E7A4F7556}") = "Max Dot Product of Two Subsequences", "Max Dot Product of Two Subsequences\Max Dot Product of Two Subsequences.csproj", "{235B13C4-A4E2-4749-8434-CEECFE294120}"
EndProject
Project("{9A19103F-16F7-4668-BE54-9A1E7A4F7556}") = "InsertMinStepsToMakeStringPalindrome", "InsertMinStepsToMakeStringPalindrome\InsertMinStepsToMakeStringPalindrome.csproj", "{049F8ACD-5BF2-4FA9-B032-70C6C31DD3E1}"
EndProject
Project("{9A19103F-16F7-4668-BE54-9A1E7A4F7556}") = "NextGreaterElementI", "NextGreaterElementI\NextGreaterElementI.csproj", "{8FCCCB39-F8DD-4F96-BCC1-440863A81CCE}"
EndProject
Project("{9A19103F-16F7-4668-BE54-9A1E7A4F7556}") = "NextGreaterElementII", "NextGreaterElementII\NextGreaterElementII.csproj", "{32A68B9F-1715-4BA2-86AD-5D4E76E29059}"
EndProject
Project("{9A19103F-16F7-4668-BE54-9A1E7A4F7556}") = "DailyTemperatures", "DailyTemperatures\DailyTemperatures.csproj", "{A73B958B-4E86-48E3-9CB0-45AF50F51E49}"
EndProject
Project("{9A19103F-16F7-4668-BE54-9A1E7A4F7556}") = "OnlineStockSpan", "OnlineStockSpan\OnlineStockSpan.csproj", "{BE70D254-2615-4155-BE44-5CC6C71BE652}"
EndProject
Project("{9A19103F-16F7-4668-BE54-9A1E7A4F7556}") = "PlusOne", "PlusOne\PlusOne.csproj", "{77560FB0-E1DB-47F7-92D8-2B5FB03B6B4D}"
EndProject
Project("{9A19103F-16F7-4668-BE54-9A1E7A4F7556}") = "AlphabetBoardPath", "AlphabetBoardPath\AlphabetBoardPath.csproj", "{18AB2DE6-E059-4BB0-8360-EF0A3A802BF3}"
EndProject
Project("{9A19103F-16F7-4668-BE54-9A1E7A4F7556}") = "SumOfSubarrayMinimums", "SumOfSubarrayMinimums\SumOfSubarrayMinimums.csproj", "{EC802142-6224-458D-AD58-622AFDB9A62C}"
EndProject
Project("{9A19103F-16F7-4668-BE54-9A1E7A4F7556}") = "MaxWidthRamp", "MaxWidthRamp\MaxWidthRamp.csproj", "{765C1686-7806-48E4-A2E1-071A57CB7A3B}"
EndProject
Project("{9A19103F-16F7-4668-BE54-9A1E7A4F7556}") = "FindMostCompetitiveSubsequence", "FindMostCompetitiveSubsequence\FindMostCompetitiveSubsequence.csproj", "{7DA34BEC-0651-4C07-94A9-972BDF57804B}"
EndProject
Project("{9A19103F-16F7-4668-BE54-9A1E7A4F7556}") = "132Pattern", "132Pattern\132Pattern.csproj", "{6CCC3C8D-ACA8-4898-9075-0A7C0A245D97}"
EndProject
Project("{9A19103F-16F7-4668-BE54-9A1E7A4F7556}") = "ValidateStackSequence", "ValidateStackSequence\ValidateStackSequence.csproj", "{B3D1020B-40AC-4940-8A11-7DA06221A5F1}"
EndProject
Project("{9A19103F-16F7-4668-BE54-9A1E7A4F7556}") = "MinStack", "MinStack\MinStack.csproj", "{68E6AAB2-D525-423A-B245-05F96EC386A6}"
EndProject
Project("{9A19103F-16F7-4668-BE54-9A1E7A4F7556}") = "RemoveKDigits", "RemoveKDigits\RemoveKDigits.csproj", "{C12EA864-2657-4D7A-B35A-A26413FE692A}"
EndProject
Project("{9A19103F-16F7-4668-BE54-9A1E7A4F7556}") = "ExclusiveTimeOfFunctions", "ExclusiveTimeOfFunctions\ExclusiveTimeOfFunctions.csproj", "{EAABB915-D231-4672-8FF4-DD65DFF2DB37}"
EndProject
Project("{9A19103F-16F7-4668-BE54-9A1E7A4F7556}") = "RemoveAllAdjacentDuplicatesInString", "RemoveAllAdjacentDuplicatesInString\RemoveAllAdjacentDuplicatesInString.csproj", "{29E6A6AF-76D1-4470-8C40-EEA1F06F754D}"
EndProject
Project("{9A19103F-16F7-4668-BE54-9A1E7A4F7556}") = "RemoveAllAdjacentDuplicatesInStringII", "RemoveAllAdjacentDuplicatesInStringII\RemoveAllAdjacentDuplicatesInStringII.csproj", "{BA463A6A-6BB5-46AF-8A9B-5D28D0A03120}"
EndProject
Project("{9A19103F-16F7-4668-BE54-9A1E7A4F7556}") = "BasicCalculator", "BasicCalculator\BasicCalculator.csproj", "{213EC85B-E9BF-4C20-89EB-02F190C12C22}"
EndProject
Project("{9A19103F-16F7-4668-BE54-9A1E7A4F7556}") = "BasicCalculatorII", "BasicCalculatorII\BasicCalculatorII.csproj", "{4DFCAA1E-617B-4962-8CED-7F3E2BB3C398}"
EndProject
Project("{9A19103F-16F7-4668-BE54-9A1E7A4F7556}") = "BasicCalculatorIII", "BasicCalculatorIII\BasicCalculatorIII.csproj", "{8D7095AE-B5F0-44FB-BF7B-AB6102B931C2}"
EndProject
Project("{9A19103F-16F7-4668-BE54-9A1E7A4F7556}") = "ParsingBooleanExpression", "ParsingBooleanExpression\ParsingBooleanExpression.csproj", "{5F1BC201-EB6E-41C3-83AD-B36F507ED998}"
EndProject
Project("{9A19103F-16F7-4668-BE54-9A1E7A4F7556}") = "BraceExpansion", "BraceExpansion\BraceExpansion.csproj", "{96DAB41C-3090-4E79-A88F-07A7BC3C47B1}"
EndProject
Project("{9A19103F-16F7-4668-BE54-9A1E7A4F7556}") = "BraceExpansionII", "BraceExpansionII\BraceExpansionII.csproj", "{EA29BB7A-06AB-4908-8F31-919E46707865}"
EndProject
Project("{9A19103F-16F7-4668-BE54-9A1E7A4F7556}") = "NumberOfAtoms", "NumberOfAtoms\NumberOfAtoms.csproj", "{0D62A2A8-93F9-4035-B4FF-4B718B1BB887}"
EndProject
Project("{9A19103F-16F7-4668-BE54-9A1E7A4F7556}") = "BinarySubarraysWithSum", "BinarySubarraysWithSum\BinarySubarraysWithSum.csproj", "{D7AD6E0C-3579-4B27-8E9F-48222132CA6E}"
EndProject
Project("{9A19103F-16F7-4668-BE54-9A1E7A4F7556}") = "MaxConsecutiveOnes", "MaxConsecutiveOnes\MaxConsecutiveOnes.csproj", "{7C5B7ED8-80FE-47A2-8B50-8270640733CB}"
EndProject
Project("{9A19103F-16F7-4668-BE54-9A1E7A4F7556}") = "FindMaxConsecutiveOnesII", "FindMaxConsecutiveOnesII\FindMaxConsecutiveOnesII.csproj", "{AD6C980D-B5AE-4E65-A602-540215DD944B}"
EndProject
Project("{9A19103F-16F7-4668-BE54-9A1E7A4F7556}") = "MinimumSizeSubarraySum", "MinimumSizeSubarraySum\MinimumSizeSubarraySum.csproj", "{42F0B101-E15C-472A-8510-A3CDC7E6A509}"
EndProject
Project("{9A19103F-16F7-4668-BE54-9A1E7A4F7556}") = "NumberOfSubstringsContainingAllChars", "NumberOfSubstringsContainingAllChars\NumberOfSubstringsContainingAllChars.csproj", "{6AFBA182-F7E5-4ADD-80F3-E20FE8706747}"
EndProject
Project("{9A19103F-16F7-4668-BE54-9A1E7A4F7556}") = "SimplifyPath", "SimplifyPath\SimplifyPath.csproj", "{AFCD4184-6A61-4FBD-89AA-D2F70850B977}"
EndProject
Project("{9A19103F-16F7-4668-BE54-9A1E7A4F7556}") = "SubarrayWithKdifferentIntegers", "SubarrayWithKdifferentIntegers\SubarrayWithKdifferentIntegers.csproj", "{714E4D8E-4888-439B-A940-4D482DC1250D}"
EndProject
Project("{9A19103F-16F7-4668-BE54-9A1E7A4F7556}") = "CountNumberOfNiceSubarrays", "CountNumberOfNiceSubarrays\CountNumberOfNiceSubarrays.csproj", "{5F4D1295-0181-4678-B2B2-947FEE030561}"
EndProject
Project("{9A19103F-16F7-4668-BE54-9A1E7A4F7556}") = "MinOpsToReduceXtoZero", "MinOpsToReduceXtoZero\MinOpsToReduceXtoZero.csproj", "{4FAEBA9D-15D3-48C1-8832-0BA258B07123}"
EndProject
Project("{9A19103F-16F7-4668-BE54-9A1E7A4F7556}") = "FindLongestSubstringContainingEvenVowels", "FindLongestSubstringContainingEvenVowels\FindLongestSubstringContainingEvenVowels.csproj", "{E4A7C30A-5648-4AAE-AC66-9CDBFF3AAD35}"
EndProject
Project("{9A19103F-16F7-4668-BE54-9A1E7A4F7556}") = "LongestSubstringWithoutRepeatingChar", "LongestSubstringWithoutRepeatingChar\LongestSubstringWithoutRepeatingChar.csproj", "{E62824DE-ED71-43BE-B2EA-CA2070BBD2AE}"
EndProject
Project("{9A19103F-16F7-4668-BE54-9A1E7A4F7556}") = "LongestSubstringWithAtMost2DistinctChar", "LongestSubstringWithAtMost2DistinctChar\LongestSubstringWithAtMost2DistinctChar.csproj", "{8EE48E1B-E488-4E51-952A-4D6F088A48B0}"
EndProject
Project("{9A19103F-16F7-4668-BE54-9A1E7A4F7556}") = "LongestSubstringWithAtMostKDistinctChar", "LongestSubstringWithAtMostKDistinctChar\LongestSubstringWithAtMostKDistinctChar.csproj", "{718D0077-1989-4F4A-9AE4-18B2C8B11249}"
EndProject
Project("{9A19103F-16F7-4668-BE54-9A1E7A4F7556}") = "LongestSubstringWithAtLeastKRepeatingChars", "LongestSubstringWithAtLeastKRepeatingChars\LongestSubstringWithAtLeastKRepeatingChars.csproj", "{F52A3921-396F-41F5-9426-81397F78205A}"
EndProject
Project("{9A19103F-16F7-4668-BE54-9A1E7A4F7556}") = "MaximumSlidingWindow", "MaximumSlidingWindow\MaximumSlidingWindow.csproj", "{22D53093-923F-403B-BEDF-0914BA873D9B}"
EndProject
Project("{9A19103F-16F7-4668-BE54-9A1E7A4F7556}") = "ShortestSubarrayWithSumAtLeastK", "ShortestSubarrayWithSumAtLeastK\ShortestSubarrayWithSumAtLeastK.csproj", "{9DC9B0B5-0264-456A-A07F-F7EC84A364B8}"
EndProject
Project("{9A19103F-16F7-4668-BE54-9A1E7A4F7556}") = "JumpGameVI", "JumpGameVI\JumpGameVI.csproj", "{4F7164D0-DED6-4FD1-9DEC-53A55C41E54C}"
EndProject
Project("{9A19103F-16F7-4668-BE54-9A1E7A4F7556}") = "FindLatestGroupOfSizeM", "FindLatestGroupOfSizeM\FindLatestGroupOfSizeM.csproj", "{41AD56D5-52C5-40DD-A3EC-3E8284796466}"
EndProject
Project("{9A19103F-16F7-4668-BE54-9A1E7A4F7556}") = "MaxValueOfEquation", "MaxValueOfEquation\MaxValueOfEquation.csproj", "{486F5E77-314B-49DE-A641-BFDEB78D9AC0}"
EndProject
Project("{9A19103F-16F7-4668-BE54-9A1E7A4F7556}") = "LongestContinuousSubarrayWithAbsoluteDiffK", "LongestContinuousSubarrayWithAbsoluteDiffK\LongestContinuousSubarrayWithAbsoluteDiffK.csproj", "{A80F8F5D-DBFB-4E3D-8EA5-128E6951B8A3}"
EndProject
Project("{9A19103F-16F7-4668-BE54-9A1E7A4F7556}") = "ConstrainedSubsequenceSum", "ConstrainedSubsequenceSum\ConstrainedSubsequenceSum.csproj", "{A99419F5-D6AB-4511-9C2A-52AC70275C1B}"
EndProject
Project("{9A19103F-16F7-4668-BE54-9A1E7A4F7556}") = "CourseSchedule", "CourseSchedule\CourseSchedule.csproj", "{0BEFD0AC-6DCF-4EBD-8B96-D1B5F29C9238}"
EndProject
Project("{9A19103F-16F7-4668-BE54-9A1E7A4F7556}") = "CourseScheduleII", "CourseScheduleII\CourseScheduleII.csproj", "{46EAF97C-A9F1-4ECF-962C-0890DECB00A5}"
EndProject
Project("{9A19103F-16F7-4668-BE54-9A1E7A4F7556}") = "SequenceReconstruction", "SequenceReconstruction\SequenceReconstruction.csproj", "{EB74E8AE-267A-4761-BBCF-1A883654B30C}"
EndProject
Project("{9A19103F-16F7-4668-BE54-9A1E7A4F7556}") = "AlienDictionary", "AlienDictionary\AlienDictionary.csproj", "{D47B1924-B136-4EC6-B51F-FB19C6860665}"
EndProject
Project("{9A19103F-16F7-4668-BE54-9A1E7A4F7556}") = "CourseScheduleIV", "CourseScheduleIV\CourseScheduleIV.csproj", "{80741220-8681-45A5-928A-171FB5DB283C}"
EndProject
Project("{9A19103F-16F7-4668-BE54-9A1E7A4F7556}") = "SortItemsByGroupsRespectingDependencies", "SortItemsByGroupsRespectingDependencies\SortItemsByGroupsRespectingDependencies.csproj", "{C57F0BF1-7C1E-4847-AA8F-1515D1274098}"
EndProject
Project("{9A19103F-16F7-4668-BE54-9A1E7A4F7556}") = "NetworkDelayTime", "NetworkDelayTime\NetworkDelayTime.csproj", "{67636133-DE3E-4005-811D-EC3936AAE3BB}"
EndProject
Project("{9A19103F-16F7-4668-BE54-9A1E7A4F7556}") = "MinimumJumpsToReachHome", "MinimumJumpsToReachHome\MinimumJumpsToReachHome.csproj", "{90FECDE9-0CCE-4E68-B273-45F199791DB1}"
EndProject
Project("{9A19103F-16F7-4668-BE54-9A1E7A4F7556}") = "IsGraphBipartite", "IsGraphBipartite\IsGraphBipartite.csproj", "{0A915094-016E-4239-93D8-BB25188B51DB}"
EndProject
Project("{9A19103F-16F7-4668-BE54-9A1E7A4F7556}") = "SwimInRisingWater", "SwimInRisingWater\SwimInRisingWater.csproj", "{8CF661BE-37A2-40DE-9CAE-95AA2213572A}"
EndProject
Project("{9A19103F-16F7-4668-BE54-9A1E7A4F7556}") = "CheapestFlightsWithinKStops", "CheapestFlightsWithinKStops\CheapestFlightsWithinKStops.csproj", "{A3841CC9-ECDD-4933-97F8-E6F24AF8B35B}"
EndProject
Project("{FAE04EC0-301F-11D3-BF4B-00C04F79EFBC}") = "JumpGameIII", "JumpGameIII\JumpGameIII.csproj", "{85BB4E05-03B6-4E84-BA3C-6635BC011A38}"
EndProject
Global
	GlobalSection(SolutionConfigurationPlatforms) = preSolution
		Debug|Any CPU = Debug|Any CPU
		Release|Any CPU = Release|Any CPU
	EndGlobalSection
	GlobalSection(ProjectConfigurationPlatforms) = postSolution
		{CCCBBE0A-1D24-44D0-87A6-289059D32CCE}.Debug|Any CPU.ActiveCfg = Debug|Any CPU
		{CCCBBE0A-1D24-44D0-87A6-289059D32CCE}.Debug|Any CPU.Build.0 = Debug|Any CPU
		{CCCBBE0A-1D24-44D0-87A6-289059D32CCE}.Release|Any CPU.ActiveCfg = Release|Any CPU
		{CCCBBE0A-1D24-44D0-87A6-289059D32CCE}.Release|Any CPU.Build.0 = Release|Any CPU
		{6D8527C1-58A5-44F3-B8BA-7D07DC4E3219}.Debug|Any CPU.ActiveCfg = Debug|Any CPU
		{6D8527C1-58A5-44F3-B8BA-7D07DC4E3219}.Debug|Any CPU.Build.0 = Debug|Any CPU
		{6D8527C1-58A5-44F3-B8BA-7D07DC4E3219}.Release|Any CPU.ActiveCfg = Release|Any CPU
		{6D8527C1-58A5-44F3-B8BA-7D07DC4E3219}.Release|Any CPU.Build.0 = Release|Any CPU
		{3E69DC38-37C4-4F97-AEA4-48666E6E830E}.Debug|Any CPU.ActiveCfg = Debug|Any CPU
		{3E69DC38-37C4-4F97-AEA4-48666E6E830E}.Debug|Any CPU.Build.0 = Debug|Any CPU
		{3E69DC38-37C4-4F97-AEA4-48666E6E830E}.Release|Any CPU.ActiveCfg = Release|Any CPU
		{3E69DC38-37C4-4F97-AEA4-48666E6E830E}.Release|Any CPU.Build.0 = Release|Any CPU
		{A937075C-BEEF-43E0-9886-DC358A9F4615}.Debug|Any CPU.ActiveCfg = Debug|Any CPU
		{A937075C-BEEF-43E0-9886-DC358A9F4615}.Debug|Any CPU.Build.0 = Debug|Any CPU
		{A937075C-BEEF-43E0-9886-DC358A9F4615}.Release|Any CPU.ActiveCfg = Release|Any CPU
		{A937075C-BEEF-43E0-9886-DC358A9F4615}.Release|Any CPU.Build.0 = Release|Any CPU
		{11158119-871A-454A-9C6E-2211A724382F}.Debug|Any CPU.ActiveCfg = Debug|Any CPU
		{11158119-871A-454A-9C6E-2211A724382F}.Debug|Any CPU.Build.0 = Debug|Any CPU
		{11158119-871A-454A-9C6E-2211A724382F}.Release|Any CPU.ActiveCfg = Release|Any CPU
		{11158119-871A-454A-9C6E-2211A724382F}.Release|Any CPU.Build.0 = Release|Any CPU
		{FCFE794C-33F7-43AC-BE1E-51AD1549BA84}.Debug|Any CPU.ActiveCfg = Debug|Any CPU
		{FCFE794C-33F7-43AC-BE1E-51AD1549BA84}.Debug|Any CPU.Build.0 = Debug|Any CPU
		{FCFE794C-33F7-43AC-BE1E-51AD1549BA84}.Release|Any CPU.ActiveCfg = Release|Any CPU
		{FCFE794C-33F7-43AC-BE1E-51AD1549BA84}.Release|Any CPU.Build.0 = Release|Any CPU
		{0024B107-3E90-44F3-AB44-C4FE9DE8FB03}.Debug|Any CPU.ActiveCfg = Debug|Any CPU
		{0024B107-3E90-44F3-AB44-C4FE9DE8FB03}.Debug|Any CPU.Build.0 = Debug|Any CPU
		{0024B107-3E90-44F3-AB44-C4FE9DE8FB03}.Release|Any CPU.ActiveCfg = Release|Any CPU
		{0024B107-3E90-44F3-AB44-C4FE9DE8FB03}.Release|Any CPU.Build.0 = Release|Any CPU
		{FB4607F9-B031-4B98-8A12-215033A0DAFC}.Debug|Any CPU.ActiveCfg = Debug|Any CPU
		{FB4607F9-B031-4B98-8A12-215033A0DAFC}.Debug|Any CPU.Build.0 = Debug|Any CPU
		{FB4607F9-B031-4B98-8A12-215033A0DAFC}.Release|Any CPU.ActiveCfg = Release|Any CPU
		{FB4607F9-B031-4B98-8A12-215033A0DAFC}.Release|Any CPU.Build.0 = Release|Any CPU
		{2C580B50-4435-4131-8EF6-EF3BFECCAB5D}.Debug|Any CPU.ActiveCfg = Debug|Any CPU
		{2C580B50-4435-4131-8EF6-EF3BFECCAB5D}.Debug|Any CPU.Build.0 = Debug|Any CPU
		{2C580B50-4435-4131-8EF6-EF3BFECCAB5D}.Release|Any CPU.ActiveCfg = Release|Any CPU
		{2C580B50-4435-4131-8EF6-EF3BFECCAB5D}.Release|Any CPU.Build.0 = Release|Any CPU
		{F1B2D28A-201E-4EA3-975C-C2E9091FB6FB}.Debug|Any CPU.ActiveCfg = Debug|Any CPU
		{F1B2D28A-201E-4EA3-975C-C2E9091FB6FB}.Debug|Any CPU.Build.0 = Debug|Any CPU
		{F1B2D28A-201E-4EA3-975C-C2E9091FB6FB}.Release|Any CPU.ActiveCfg = Release|Any CPU
		{F1B2D28A-201E-4EA3-975C-C2E9091FB6FB}.Release|Any CPU.Build.0 = Release|Any CPU
		{165BAD85-1C1C-4BFE-8808-3A9CF55152A8}.Debug|Any CPU.ActiveCfg = Debug|Any CPU
		{165BAD85-1C1C-4BFE-8808-3A9CF55152A8}.Debug|Any CPU.Build.0 = Debug|Any CPU
		{165BAD85-1C1C-4BFE-8808-3A9CF55152A8}.Release|Any CPU.ActiveCfg = Release|Any CPU
		{165BAD85-1C1C-4BFE-8808-3A9CF55152A8}.Release|Any CPU.Build.0 = Release|Any CPU
		{235B13C4-A4E2-4749-8434-CEECFE294120}.Debug|Any CPU.ActiveCfg = Debug|Any CPU
		{235B13C4-A4E2-4749-8434-CEECFE294120}.Debug|Any CPU.Build.0 = Debug|Any CPU
		{235B13C4-A4E2-4749-8434-CEECFE294120}.Release|Any CPU.ActiveCfg = Release|Any CPU
		{235B13C4-A4E2-4749-8434-CEECFE294120}.Release|Any CPU.Build.0 = Release|Any CPU
		{049F8ACD-5BF2-4FA9-B032-70C6C31DD3E1}.Debug|Any CPU.ActiveCfg = Debug|Any CPU
		{049F8ACD-5BF2-4FA9-B032-70C6C31DD3E1}.Debug|Any CPU.Build.0 = Debug|Any CPU
		{049F8ACD-5BF2-4FA9-B032-70C6C31DD3E1}.Release|Any CPU.ActiveCfg = Release|Any CPU
		{049F8ACD-5BF2-4FA9-B032-70C6C31DD3E1}.Release|Any CPU.Build.0 = Release|Any CPU
		{8FCCCB39-F8DD-4F96-BCC1-440863A81CCE}.Debug|Any CPU.ActiveCfg = Debug|Any CPU
		{8FCCCB39-F8DD-4F96-BCC1-440863A81CCE}.Debug|Any CPU.Build.0 = Debug|Any CPU
		{8FCCCB39-F8DD-4F96-BCC1-440863A81CCE}.Release|Any CPU.ActiveCfg = Release|Any CPU
		{8FCCCB39-F8DD-4F96-BCC1-440863A81CCE}.Release|Any CPU.Build.0 = Release|Any CPU
		{32A68B9F-1715-4BA2-86AD-5D4E76E29059}.Debug|Any CPU.ActiveCfg = Debug|Any CPU
		{32A68B9F-1715-4BA2-86AD-5D4E76E29059}.Debug|Any CPU.Build.0 = Debug|Any CPU
		{32A68B9F-1715-4BA2-86AD-5D4E76E29059}.Release|Any CPU.ActiveCfg = Release|Any CPU
		{32A68B9F-1715-4BA2-86AD-5D4E76E29059}.Release|Any CPU.Build.0 = Release|Any CPU
		{A73B958B-4E86-48E3-9CB0-45AF50F51E49}.Debug|Any CPU.ActiveCfg = Debug|Any CPU
		{A73B958B-4E86-48E3-9CB0-45AF50F51E49}.Debug|Any CPU.Build.0 = Debug|Any CPU
		{A73B958B-4E86-48E3-9CB0-45AF50F51E49}.Release|Any CPU.ActiveCfg = Release|Any CPU
		{A73B958B-4E86-48E3-9CB0-45AF50F51E49}.Release|Any CPU.Build.0 = Release|Any CPU
		{BE70D254-2615-4155-BE44-5CC6C71BE652}.Debug|Any CPU.ActiveCfg = Debug|Any CPU
		{BE70D254-2615-4155-BE44-5CC6C71BE652}.Debug|Any CPU.Build.0 = Debug|Any CPU
		{BE70D254-2615-4155-BE44-5CC6C71BE652}.Release|Any CPU.ActiveCfg = Release|Any CPU
		{BE70D254-2615-4155-BE44-5CC6C71BE652}.Release|Any CPU.Build.0 = Release|Any CPU
		{77560FB0-E1DB-47F7-92D8-2B5FB03B6B4D}.Debug|Any CPU.ActiveCfg = Debug|Any CPU
		{77560FB0-E1DB-47F7-92D8-2B5FB03B6B4D}.Debug|Any CPU.Build.0 = Debug|Any CPU
		{77560FB0-E1DB-47F7-92D8-2B5FB03B6B4D}.Release|Any CPU.ActiveCfg = Release|Any CPU
		{77560FB0-E1DB-47F7-92D8-2B5FB03B6B4D}.Release|Any CPU.Build.0 = Release|Any CPU
		{18AB2DE6-E059-4BB0-8360-EF0A3A802BF3}.Debug|Any CPU.ActiveCfg = Debug|Any CPU
		{18AB2DE6-E059-4BB0-8360-EF0A3A802BF3}.Debug|Any CPU.Build.0 = Debug|Any CPU
		{18AB2DE6-E059-4BB0-8360-EF0A3A802BF3}.Release|Any CPU.ActiveCfg = Release|Any CPU
		{18AB2DE6-E059-4BB0-8360-EF0A3A802BF3}.Release|Any CPU.Build.0 = Release|Any CPU
		{EC802142-6224-458D-AD58-622AFDB9A62C}.Debug|Any CPU.ActiveCfg = Debug|Any CPU
		{EC802142-6224-458D-AD58-622AFDB9A62C}.Debug|Any CPU.Build.0 = Debug|Any CPU
		{EC802142-6224-458D-AD58-622AFDB9A62C}.Release|Any CPU.ActiveCfg = Release|Any CPU
		{EC802142-6224-458D-AD58-622AFDB9A62C}.Release|Any CPU.Build.0 = Release|Any CPU
		{765C1686-7806-48E4-A2E1-071A57CB7A3B}.Debug|Any CPU.ActiveCfg = Debug|Any CPU
		{765C1686-7806-48E4-A2E1-071A57CB7A3B}.Debug|Any CPU.Build.0 = Debug|Any CPU
		{765C1686-7806-48E4-A2E1-071A57CB7A3B}.Release|Any CPU.ActiveCfg = Release|Any CPU
		{765C1686-7806-48E4-A2E1-071A57CB7A3B}.Release|Any CPU.Build.0 = Release|Any CPU
		{7DA34BEC-0651-4C07-94A9-972BDF57804B}.Debug|Any CPU.ActiveCfg = Debug|Any CPU
		{7DA34BEC-0651-4C07-94A9-972BDF57804B}.Debug|Any CPU.Build.0 = Debug|Any CPU
		{7DA34BEC-0651-4C07-94A9-972BDF57804B}.Release|Any CPU.ActiveCfg = Release|Any CPU
		{7DA34BEC-0651-4C07-94A9-972BDF57804B}.Release|Any CPU.Build.0 = Release|Any CPU
		{6CCC3C8D-ACA8-4898-9075-0A7C0A245D97}.Debug|Any CPU.ActiveCfg = Debug|Any CPU
		{6CCC3C8D-ACA8-4898-9075-0A7C0A245D97}.Debug|Any CPU.Build.0 = Debug|Any CPU
		{6CCC3C8D-ACA8-4898-9075-0A7C0A245D97}.Release|Any CPU.ActiveCfg = Release|Any CPU
		{6CCC3C8D-ACA8-4898-9075-0A7C0A245D97}.Release|Any CPU.Build.0 = Release|Any CPU
		{B3D1020B-40AC-4940-8A11-7DA06221A5F1}.Debug|Any CPU.ActiveCfg = Debug|Any CPU
		{B3D1020B-40AC-4940-8A11-7DA06221A5F1}.Debug|Any CPU.Build.0 = Debug|Any CPU
		{B3D1020B-40AC-4940-8A11-7DA06221A5F1}.Release|Any CPU.ActiveCfg = Release|Any CPU
		{B3D1020B-40AC-4940-8A11-7DA06221A5F1}.Release|Any CPU.Build.0 = Release|Any CPU
		{68E6AAB2-D525-423A-B245-05F96EC386A6}.Debug|Any CPU.ActiveCfg = Debug|Any CPU
		{68E6AAB2-D525-423A-B245-05F96EC386A6}.Debug|Any CPU.Build.0 = Debug|Any CPU
		{68E6AAB2-D525-423A-B245-05F96EC386A6}.Release|Any CPU.ActiveCfg = Release|Any CPU
		{68E6AAB2-D525-423A-B245-05F96EC386A6}.Release|Any CPU.Build.0 = Release|Any CPU
		{C12EA864-2657-4D7A-B35A-A26413FE692A}.Debug|Any CPU.ActiveCfg = Debug|Any CPU
		{C12EA864-2657-4D7A-B35A-A26413FE692A}.Debug|Any CPU.Build.0 = Debug|Any CPU
		{C12EA864-2657-4D7A-B35A-A26413FE692A}.Release|Any CPU.ActiveCfg = Release|Any CPU
		{C12EA864-2657-4D7A-B35A-A26413FE692A}.Release|Any CPU.Build.0 = Release|Any CPU
		{EAABB915-D231-4672-8FF4-DD65DFF2DB37}.Debug|Any CPU.ActiveCfg = Debug|Any CPU
		{EAABB915-D231-4672-8FF4-DD65DFF2DB37}.Debug|Any CPU.Build.0 = Debug|Any CPU
		{EAABB915-D231-4672-8FF4-DD65DFF2DB37}.Release|Any CPU.ActiveCfg = Release|Any CPU
		{EAABB915-D231-4672-8FF4-DD65DFF2DB37}.Release|Any CPU.Build.0 = Release|Any CPU
		{29E6A6AF-76D1-4470-8C40-EEA1F06F754D}.Debug|Any CPU.ActiveCfg = Debug|Any CPU
		{29E6A6AF-76D1-4470-8C40-EEA1F06F754D}.Debug|Any CPU.Build.0 = Debug|Any CPU
		{29E6A6AF-76D1-4470-8C40-EEA1F06F754D}.Release|Any CPU.ActiveCfg = Release|Any CPU
		{29E6A6AF-76D1-4470-8C40-EEA1F06F754D}.Release|Any CPU.Build.0 = Release|Any CPU
		{BA463A6A-6BB5-46AF-8A9B-5D28D0A03120}.Debug|Any CPU.ActiveCfg = Debug|Any CPU
		{BA463A6A-6BB5-46AF-8A9B-5D28D0A03120}.Debug|Any CPU.Build.0 = Debug|Any CPU
		{BA463A6A-6BB5-46AF-8A9B-5D28D0A03120}.Release|Any CPU.ActiveCfg = Release|Any CPU
		{BA463A6A-6BB5-46AF-8A9B-5D28D0A03120}.Release|Any CPU.Build.0 = Release|Any CPU
		{213EC85B-E9BF-4C20-89EB-02F190C12C22}.Debug|Any CPU.ActiveCfg = Debug|Any CPU
		{213EC85B-E9BF-4C20-89EB-02F190C12C22}.Debug|Any CPU.Build.0 = Debug|Any CPU
		{213EC85B-E9BF-4C20-89EB-02F190C12C22}.Release|Any CPU.ActiveCfg = Release|Any CPU
		{213EC85B-E9BF-4C20-89EB-02F190C12C22}.Release|Any CPU.Build.0 = Release|Any CPU
		{4DFCAA1E-617B-4962-8CED-7F3E2BB3C398}.Debug|Any CPU.ActiveCfg = Debug|Any CPU
		{4DFCAA1E-617B-4962-8CED-7F3E2BB3C398}.Debug|Any CPU.Build.0 = Debug|Any CPU
		{4DFCAA1E-617B-4962-8CED-7F3E2BB3C398}.Release|Any CPU.ActiveCfg = Release|Any CPU
		{4DFCAA1E-617B-4962-8CED-7F3E2BB3C398}.Release|Any CPU.Build.0 = Release|Any CPU
		{8D7095AE-B5F0-44FB-BF7B-AB6102B931C2}.Debug|Any CPU.ActiveCfg = Debug|Any CPU
		{8D7095AE-B5F0-44FB-BF7B-AB6102B931C2}.Debug|Any CPU.Build.0 = Debug|Any CPU
		{8D7095AE-B5F0-44FB-BF7B-AB6102B931C2}.Release|Any CPU.ActiveCfg = Release|Any CPU
		{8D7095AE-B5F0-44FB-BF7B-AB6102B931C2}.Release|Any CPU.Build.0 = Release|Any CPU
		{5F1BC201-EB6E-41C3-83AD-B36F507ED998}.Debug|Any CPU.ActiveCfg = Debug|Any CPU
		{5F1BC201-EB6E-41C3-83AD-B36F507ED998}.Debug|Any CPU.Build.0 = Debug|Any CPU
		{5F1BC201-EB6E-41C3-83AD-B36F507ED998}.Release|Any CPU.ActiveCfg = Release|Any CPU
		{5F1BC201-EB6E-41C3-83AD-B36F507ED998}.Release|Any CPU.Build.0 = Release|Any CPU
		{96DAB41C-3090-4E79-A88F-07A7BC3C47B1}.Debug|Any CPU.ActiveCfg = Debug|Any CPU
		{96DAB41C-3090-4E79-A88F-07A7BC3C47B1}.Debug|Any CPU.Build.0 = Debug|Any CPU
		{96DAB41C-3090-4E79-A88F-07A7BC3C47B1}.Release|Any CPU.ActiveCfg = Release|Any CPU
		{96DAB41C-3090-4E79-A88F-07A7BC3C47B1}.Release|Any CPU.Build.0 = Release|Any CPU
		{EA29BB7A-06AB-4908-8F31-919E46707865}.Debug|Any CPU.ActiveCfg = Debug|Any CPU
		{EA29BB7A-06AB-4908-8F31-919E46707865}.Debug|Any CPU.Build.0 = Debug|Any CPU
		{EA29BB7A-06AB-4908-8F31-919E46707865}.Release|Any CPU.ActiveCfg = Release|Any CPU
		{EA29BB7A-06AB-4908-8F31-919E46707865}.Release|Any CPU.Build.0 = Release|Any CPU
		{0D62A2A8-93F9-4035-B4FF-4B718B1BB887}.Debug|Any CPU.ActiveCfg = Debug|Any CPU
		{0D62A2A8-93F9-4035-B4FF-4B718B1BB887}.Debug|Any CPU.Build.0 = Debug|Any CPU
		{0D62A2A8-93F9-4035-B4FF-4B718B1BB887}.Release|Any CPU.ActiveCfg = Release|Any CPU
		{0D62A2A8-93F9-4035-B4FF-4B718B1BB887}.Release|Any CPU.Build.0 = Release|Any CPU
		{D7AD6E0C-3579-4B27-8E9F-48222132CA6E}.Debug|Any CPU.ActiveCfg = Debug|Any CPU
		{D7AD6E0C-3579-4B27-8E9F-48222132CA6E}.Debug|Any CPU.Build.0 = Debug|Any CPU
		{D7AD6E0C-3579-4B27-8E9F-48222132CA6E}.Release|Any CPU.ActiveCfg = Release|Any CPU
		{D7AD6E0C-3579-4B27-8E9F-48222132CA6E}.Release|Any CPU.Build.0 = Release|Any CPU
		{7C5B7ED8-80FE-47A2-8B50-8270640733CB}.Debug|Any CPU.ActiveCfg = Debug|Any CPU
		{7C5B7ED8-80FE-47A2-8B50-8270640733CB}.Debug|Any CPU.Build.0 = Debug|Any CPU
		{7C5B7ED8-80FE-47A2-8B50-8270640733CB}.Release|Any CPU.ActiveCfg = Release|Any CPU
		{7C5B7ED8-80FE-47A2-8B50-8270640733CB}.Release|Any CPU.Build.0 = Release|Any CPU
		{AD6C980D-B5AE-4E65-A602-540215DD944B}.Debug|Any CPU.ActiveCfg = Debug|Any CPU
		{AD6C980D-B5AE-4E65-A602-540215DD944B}.Debug|Any CPU.Build.0 = Debug|Any CPU
		{AD6C980D-B5AE-4E65-A602-540215DD944B}.Release|Any CPU.ActiveCfg = Release|Any CPU
		{AD6C980D-B5AE-4E65-A602-540215DD944B}.Release|Any CPU.Build.0 = Release|Any CPU
		{42F0B101-E15C-472A-8510-A3CDC7E6A509}.Debug|Any CPU.ActiveCfg = Debug|Any CPU
		{42F0B101-E15C-472A-8510-A3CDC7E6A509}.Debug|Any CPU.Build.0 = Debug|Any CPU
		{42F0B101-E15C-472A-8510-A3CDC7E6A509}.Release|Any CPU.ActiveCfg = Release|Any CPU
		{42F0B101-E15C-472A-8510-A3CDC7E6A509}.Release|Any CPU.Build.0 = Release|Any CPU
		{6AFBA182-F7E5-4ADD-80F3-E20FE8706747}.Debug|Any CPU.ActiveCfg = Debug|Any CPU
		{6AFBA182-F7E5-4ADD-80F3-E20FE8706747}.Debug|Any CPU.Build.0 = Debug|Any CPU
		{6AFBA182-F7E5-4ADD-80F3-E20FE8706747}.Release|Any CPU.ActiveCfg = Release|Any CPU
		{6AFBA182-F7E5-4ADD-80F3-E20FE8706747}.Release|Any CPU.Build.0 = Release|Any CPU
		{AFCD4184-6A61-4FBD-89AA-D2F70850B977}.Debug|Any CPU.ActiveCfg = Debug|Any CPU
		{AFCD4184-6A61-4FBD-89AA-D2F70850B977}.Debug|Any CPU.Build.0 = Debug|Any CPU
		{AFCD4184-6A61-4FBD-89AA-D2F70850B977}.Release|Any CPU.ActiveCfg = Release|Any CPU
		{AFCD4184-6A61-4FBD-89AA-D2F70850B977}.Release|Any CPU.Build.0 = Release|Any CPU
		{714E4D8E-4888-439B-A940-4D482DC1250D}.Debug|Any CPU.ActiveCfg = Debug|Any CPU
		{714E4D8E-4888-439B-A940-4D482DC1250D}.Debug|Any CPU.Build.0 = Debug|Any CPU
		{714E4D8E-4888-439B-A940-4D482DC1250D}.Release|Any CPU.ActiveCfg = Release|Any CPU
		{714E4D8E-4888-439B-A940-4D482DC1250D}.Release|Any CPU.Build.0 = Release|Any CPU
		{5F4D1295-0181-4678-B2B2-947FEE030561}.Debug|Any CPU.ActiveCfg = Debug|Any CPU
		{5F4D1295-0181-4678-B2B2-947FEE030561}.Debug|Any CPU.Build.0 = Debug|Any CPU
		{5F4D1295-0181-4678-B2B2-947FEE030561}.Release|Any CPU.ActiveCfg = Release|Any CPU
		{5F4D1295-0181-4678-B2B2-947FEE030561}.Release|Any CPU.Build.0 = Release|Any CPU
		{4FAEBA9D-15D3-48C1-8832-0BA258B07123}.Debug|Any CPU.ActiveCfg = Debug|Any CPU
		{4FAEBA9D-15D3-48C1-8832-0BA258B07123}.Debug|Any CPU.Build.0 = Debug|Any CPU
		{4FAEBA9D-15D3-48C1-8832-0BA258B07123}.Release|Any CPU.ActiveCfg = Release|Any CPU
		{4FAEBA9D-15D3-48C1-8832-0BA258B07123}.Release|Any CPU.Build.0 = Release|Any CPU
		{E4A7C30A-5648-4AAE-AC66-9CDBFF3AAD35}.Debug|Any CPU.ActiveCfg = Debug|Any CPU
		{E4A7C30A-5648-4AAE-AC66-9CDBFF3AAD35}.Debug|Any CPU.Build.0 = Debug|Any CPU
		{E4A7C30A-5648-4AAE-AC66-9CDBFF3AAD35}.Release|Any CPU.ActiveCfg = Release|Any CPU
		{E4A7C30A-5648-4AAE-AC66-9CDBFF3AAD35}.Release|Any CPU.Build.0 = Release|Any CPU
		{E62824DE-ED71-43BE-B2EA-CA2070BBD2AE}.Debug|Any CPU.ActiveCfg = Debug|Any CPU
		{E62824DE-ED71-43BE-B2EA-CA2070BBD2AE}.Debug|Any CPU.Build.0 = Debug|Any CPU
		{E62824DE-ED71-43BE-B2EA-CA2070BBD2AE}.Release|Any CPU.ActiveCfg = Release|Any CPU
		{E62824DE-ED71-43BE-B2EA-CA2070BBD2AE}.Release|Any CPU.Build.0 = Release|Any CPU
		{8EE48E1B-E488-4E51-952A-4D6F088A48B0}.Debug|Any CPU.ActiveCfg = Debug|Any CPU
		{8EE48E1B-E488-4E51-952A-4D6F088A48B0}.Debug|Any CPU.Build.0 = Debug|Any CPU
		{8EE48E1B-E488-4E51-952A-4D6F088A48B0}.Release|Any CPU.ActiveCfg = Release|Any CPU
		{8EE48E1B-E488-4E51-952A-4D6F088A48B0}.Release|Any CPU.Build.0 = Release|Any CPU
		{718D0077-1989-4F4A-9AE4-18B2C8B11249}.Debug|Any CPU.ActiveCfg = Debug|Any CPU
		{718D0077-1989-4F4A-9AE4-18B2C8B11249}.Debug|Any CPU.Build.0 = Debug|Any CPU
		{718D0077-1989-4F4A-9AE4-18B2C8B11249}.Release|Any CPU.ActiveCfg = Release|Any CPU
		{718D0077-1989-4F4A-9AE4-18B2C8B11249}.Release|Any CPU.Build.0 = Release|Any CPU
		{F52A3921-396F-41F5-9426-81397F78205A}.Debug|Any CPU.ActiveCfg = Debug|Any CPU
		{F52A3921-396F-41F5-9426-81397F78205A}.Debug|Any CPU.Build.0 = Debug|Any CPU
		{F52A3921-396F-41F5-9426-81397F78205A}.Release|Any CPU.ActiveCfg = Release|Any CPU
		{F52A3921-396F-41F5-9426-81397F78205A}.Release|Any CPU.Build.0 = Release|Any CPU
		{22D53093-923F-403B-BEDF-0914BA873D9B}.Debug|Any CPU.ActiveCfg = Debug|Any CPU
		{22D53093-923F-403B-BEDF-0914BA873D9B}.Debug|Any CPU.Build.0 = Debug|Any CPU
		{22D53093-923F-403B-BEDF-0914BA873D9B}.Release|Any CPU.ActiveCfg = Release|Any CPU
		{22D53093-923F-403B-BEDF-0914BA873D9B}.Release|Any CPU.Build.0 = Release|Any CPU
		{9DC9B0B5-0264-456A-A07F-F7EC84A364B8}.Debug|Any CPU.ActiveCfg = Debug|Any CPU
		{9DC9B0B5-0264-456A-A07F-F7EC84A364B8}.Debug|Any CPU.Build.0 = Debug|Any CPU
		{9DC9B0B5-0264-456A-A07F-F7EC84A364B8}.Release|Any CPU.ActiveCfg = Release|Any CPU
		{9DC9B0B5-0264-456A-A07F-F7EC84A364B8}.Release|Any CPU.Build.0 = Release|Any CPU
		{4F7164D0-DED6-4FD1-9DEC-53A55C41E54C}.Debug|Any CPU.ActiveCfg = Debug|Any CPU
		{4F7164D0-DED6-4FD1-9DEC-53A55C41E54C}.Debug|Any CPU.Build.0 = Debug|Any CPU
		{4F7164D0-DED6-4FD1-9DEC-53A55C41E54C}.Release|Any CPU.ActiveCfg = Release|Any CPU
		{4F7164D0-DED6-4FD1-9DEC-53A55C41E54C}.Release|Any CPU.Build.0 = Release|Any CPU
		{41AD56D5-52C5-40DD-A3EC-3E8284796466}.Debug|Any CPU.ActiveCfg = Debug|Any CPU
		{41AD56D5-52C5-40DD-A3EC-3E8284796466}.Debug|Any CPU.Build.0 = Debug|Any CPU
		{41AD56D5-52C5-40DD-A3EC-3E8284796466}.Release|Any CPU.ActiveCfg = Release|Any CPU
		{41AD56D5-52C5-40DD-A3EC-3E8284796466}.Release|Any CPU.Build.0 = Release|Any CPU
		{486F5E77-314B-49DE-A641-BFDEB78D9AC0}.Debug|Any CPU.ActiveCfg = Debug|Any CPU
		{486F5E77-314B-49DE-A641-BFDEB78D9AC0}.Debug|Any CPU.Build.0 = Debug|Any CPU
		{486F5E77-314B-49DE-A641-BFDEB78D9AC0}.Release|Any CPU.ActiveCfg = Release|Any CPU
		{486F5E77-314B-49DE-A641-BFDEB78D9AC0}.Release|Any CPU.Build.0 = Release|Any CPU
		{A80F8F5D-DBFB-4E3D-8EA5-128E6951B8A3}.Debug|Any CPU.ActiveCfg = Debug|Any CPU
		{A80F8F5D-DBFB-4E3D-8EA5-128E6951B8A3}.Debug|Any CPU.Build.0 = Debug|Any CPU
		{A80F8F5D-DBFB-4E3D-8EA5-128E6951B8A3}.Release|Any CPU.ActiveCfg = Release|Any CPU
		{A80F8F5D-DBFB-4E3D-8EA5-128E6951B8A3}.Release|Any CPU.Build.0 = Release|Any CPU
		{A99419F5-D6AB-4511-9C2A-52AC70275C1B}.Debug|Any CPU.ActiveCfg = Debug|Any CPU
		{A99419F5-D6AB-4511-9C2A-52AC70275C1B}.Debug|Any CPU.Build.0 = Debug|Any CPU
		{A99419F5-D6AB-4511-9C2A-52AC70275C1B}.Release|Any CPU.ActiveCfg = Release|Any CPU
		{A99419F5-D6AB-4511-9C2A-52AC70275C1B}.Release|Any CPU.Build.0 = Release|Any CPU
		{0BEFD0AC-6DCF-4EBD-8B96-D1B5F29C9238}.Debug|Any CPU.ActiveCfg = Debug|Any CPU
		{0BEFD0AC-6DCF-4EBD-8B96-D1B5F29C9238}.Debug|Any CPU.Build.0 = Debug|Any CPU
		{0BEFD0AC-6DCF-4EBD-8B96-D1B5F29C9238}.Release|Any CPU.ActiveCfg = Release|Any CPU
		{0BEFD0AC-6DCF-4EBD-8B96-D1B5F29C9238}.Release|Any CPU.Build.0 = Release|Any CPU
		{46EAF97C-A9F1-4ECF-962C-0890DECB00A5}.Debug|Any CPU.ActiveCfg = Debug|Any CPU
		{46EAF97C-A9F1-4ECF-962C-0890DECB00A5}.Debug|Any CPU.Build.0 = Debug|Any CPU
		{46EAF97C-A9F1-4ECF-962C-0890DECB00A5}.Release|Any CPU.ActiveCfg = Release|Any CPU
		{46EAF97C-A9F1-4ECF-962C-0890DECB00A5}.Release|Any CPU.Build.0 = Release|Any CPU
		{EB74E8AE-267A-4761-BBCF-1A883654B30C}.Debug|Any CPU.ActiveCfg = Debug|Any CPU
		{EB74E8AE-267A-4761-BBCF-1A883654B30C}.Debug|Any CPU.Build.0 = Debug|Any CPU
		{EB74E8AE-267A-4761-BBCF-1A883654B30C}.Release|Any CPU.ActiveCfg = Release|Any CPU
		{EB74E8AE-267A-4761-BBCF-1A883654B30C}.Release|Any CPU.Build.0 = Release|Any CPU
		{D47B1924-B136-4EC6-B51F-FB19C6860665}.Debug|Any CPU.ActiveCfg = Debug|Any CPU
		{D47B1924-B136-4EC6-B51F-FB19C6860665}.Debug|Any CPU.Build.0 = Debug|Any CPU
		{D47B1924-B136-4EC6-B51F-FB19C6860665}.Release|Any CPU.ActiveCfg = Release|Any CPU
		{D47B1924-B136-4EC6-B51F-FB19C6860665}.Release|Any CPU.Build.0 = Release|Any CPU
		{80741220-8681-45A5-928A-171FB5DB283C}.Debug|Any CPU.ActiveCfg = Debug|Any CPU
		{80741220-8681-45A5-928A-171FB5DB283C}.Debug|Any CPU.Build.0 = Debug|Any CPU
		{80741220-8681-45A5-928A-171FB5DB283C}.Release|Any CPU.ActiveCfg = Release|Any CPU
		{80741220-8681-45A5-928A-171FB5DB283C}.Release|Any CPU.Build.0 = Release|Any CPU
		{C57F0BF1-7C1E-4847-AA8F-1515D1274098}.Debug|Any CPU.ActiveCfg = Debug|Any CPU
		{C57F0BF1-7C1E-4847-AA8F-1515D1274098}.Debug|Any CPU.Build.0 = Debug|Any CPU
		{C57F0BF1-7C1E-4847-AA8F-1515D1274098}.Release|Any CPU.ActiveCfg = Release|Any CPU
		{C57F0BF1-7C1E-4847-AA8F-1515D1274098}.Release|Any CPU.Build.0 = Release|Any CPU
		{67636133-DE3E-4005-811D-EC3936AAE3BB}.Debug|Any CPU.ActiveCfg = Debug|Any CPU
		{67636133-DE3E-4005-811D-EC3936AAE3BB}.Debug|Any CPU.Build.0 = Debug|Any CPU
		{67636133-DE3E-4005-811D-EC3936AAE3BB}.Release|Any CPU.ActiveCfg = Release|Any CPU
		{67636133-DE3E-4005-811D-EC3936AAE3BB}.Release|Any CPU.Build.0 = Release|Any CPU
		{90FECDE9-0CCE-4E68-B273-45F199791DB1}.Debug|Any CPU.ActiveCfg = Debug|Any CPU
		{90FECDE9-0CCE-4E68-B273-45F199791DB1}.Debug|Any CPU.Build.0 = Debug|Any CPU
		{90FECDE9-0CCE-4E68-B273-45F199791DB1}.Release|Any CPU.ActiveCfg = Release|Any CPU
		{90FECDE9-0CCE-4E68-B273-45F199791DB1}.Release|Any CPU.Build.0 = Release|Any CPU
		{0A915094-016E-4239-93D8-BB25188B51DB}.Debug|Any CPU.ActiveCfg = Debug|Any CPU
		{0A915094-016E-4239-93D8-BB25188B51DB}.Debug|Any CPU.Build.0 = Debug|Any CPU
		{0A915094-016E-4239-93D8-BB25188B51DB}.Release|Any CPU.ActiveCfg = Release|Any CPU
		{0A915094-016E-4239-93D8-BB25188B51DB}.Release|Any CPU.Build.0 = Release|Any CPU
		{8CF661BE-37A2-40DE-9CAE-95AA2213572A}.Debug|Any CPU.ActiveCfg = Debug|Any CPU
		{8CF661BE-37A2-40DE-9CAE-95AA2213572A}.Debug|Any CPU.Build.0 = Debug|Any CPU
		{8CF661BE-37A2-40DE-9CAE-95AA2213572A}.Release|Any CPU.ActiveCfg = Release|Any CPU
		{8CF661BE-37A2-40DE-9CAE-95AA2213572A}.Release|Any CPU.Build.0 = Release|Any CPU
		{A3841CC9-ECDD-4933-97F8-E6F24AF8B35B}.Debug|Any CPU.ActiveCfg = Debug|Any CPU
		{A3841CC9-ECDD-4933-97F8-E6F24AF8B35B}.Debug|Any CPU.Build.0 = Debug|Any CPU
		{A3841CC9-ECDD-4933-97F8-E6F24AF8B35B}.Release|Any CPU.ActiveCfg = Release|Any CPU
		{A3841CC9-ECDD-4933-97F8-E6F24AF8B35B}.Release|Any CPU.Build.0 = Release|Any CPU
		{85BB4E05-03B6-4E84-BA3C-6635BC011A38}.Debug|Any CPU.ActiveCfg = Debug|Any CPU
		{85BB4E05-03B6-4E84-BA3C-6635BC011A38}.Debug|Any CPU.Build.0 = Debug|Any CPU
		{85BB4E05-03B6-4E84-BA3C-6635BC011A38}.Release|Any CPU.ActiveCfg = Release|Any CPU
		{85BB4E05-03B6-4E84-BA3C-6635BC011A38}.Release|Any CPU.Build.0 = Release|Any CPU
	EndGlobalSection
	GlobalSection(SolutionProperties) = preSolution
		HideSolutionNode = FALSE
	EndGlobalSection
	GlobalSection(NestedProjects) = preSolution
		{CCCBBE0A-1D24-44D0-87A6-289059D32CCE} = {C0CD2C73-7DC4-45B7-A854-A62E06C6F228}
		{6D8527C1-58A5-44F3-B8BA-7D07DC4E3219} = {C0CD2C73-7DC4-45B7-A854-A62E06C6F228}
		{3E69DC38-37C4-4F97-AEA4-48666E6E830E} = {C0CD2C73-7DC4-45B7-A854-A62E06C6F228}
		{A937075C-BEEF-43E0-9886-DC358A9F4615} = {C0CD2C73-7DC4-45B7-A854-A62E06C6F228}
		{11158119-871A-454A-9C6E-2211A724382F} = {C0CD2C73-7DC4-45B7-A854-A62E06C6F228}
		{FCFE794C-33F7-43AC-BE1E-51AD1549BA84} = {3D638725-3CA7-49FE-AB14-4C07834768AB}
		{0024B107-3E90-44F3-AB44-C4FE9DE8FB03} = {3D638725-3CA7-49FE-AB14-4C07834768AB}
		{FB4607F9-B031-4B98-8A12-215033A0DAFC} = {3D638725-3CA7-49FE-AB14-4C07834768AB}
		{2C580B50-4435-4131-8EF6-EF3BFECCAB5D} = {3D638725-3CA7-49FE-AB14-4C07834768AB}
		{F1B2D28A-201E-4EA3-975C-C2E9091FB6FB} = {3D638725-3CA7-49FE-AB14-4C07834768AB}
		{165BAD85-1C1C-4BFE-8808-3A9CF55152A8} = {3D638725-3CA7-49FE-AB14-4C07834768AB}
		{235B13C4-A4E2-4749-8434-CEECFE294120} = {3D638725-3CA7-49FE-AB14-4C07834768AB}
		{049F8ACD-5BF2-4FA9-B032-70C6C31DD3E1} = {3D638725-3CA7-49FE-AB14-4C07834768AB}
		{8FCCCB39-F8DD-4F96-BCC1-440863A81CCE} = {3D638725-3CA7-49FE-AB14-4C07834768AB}
		{32A68B9F-1715-4BA2-86AD-5D4E76E29059} = {3D638725-3CA7-49FE-AB14-4C07834768AB}
		{A73B958B-4E86-48E3-9CB0-45AF50F51E49} = {3D638725-3CA7-49FE-AB14-4C07834768AB}
		{BE70D254-2615-4155-BE44-5CC6C71BE652} = {3D638725-3CA7-49FE-AB14-4C07834768AB}
		{77560FB0-E1DB-47F7-92D8-2B5FB03B6B4D} = {3D638725-3CA7-49FE-AB14-4C07834768AB}
		{18AB2DE6-E059-4BB0-8360-EF0A3A802BF3} = {3D638725-3CA7-49FE-AB14-4C07834768AB}
		{EC802142-6224-458D-AD58-622AFDB9A62C} = {3D638725-3CA7-49FE-AB14-4C07834768AB}
		{765C1686-7806-48E4-A2E1-071A57CB7A3B} = {3D638725-3CA7-49FE-AB14-4C07834768AB}
		{7DA34BEC-0651-4C07-94A9-972BDF57804B} = {3D638725-3CA7-49FE-AB14-4C07834768AB}
		{6CCC3C8D-ACA8-4898-9075-0A7C0A245D97} = {3D638725-3CA7-49FE-AB14-4C07834768AB}
		{B3D1020B-40AC-4940-8A11-7DA06221A5F1} = {3D638725-3CA7-49FE-AB14-4C07834768AB}
		{68E6AAB2-D525-423A-B245-05F96EC386A6} = {3D638725-3CA7-49FE-AB14-4C07834768AB}
		{C12EA864-2657-4D7A-B35A-A26413FE692A} = {3D638725-3CA7-49FE-AB14-4C07834768AB}
		{EAABB915-D231-4672-8FF4-DD65DFF2DB37} = {3D638725-3CA7-49FE-AB14-4C07834768AB}
		{29E6A6AF-76D1-4470-8C40-EEA1F06F754D} = {3D638725-3CA7-49FE-AB14-4C07834768AB}
		{BA463A6A-6BB5-46AF-8A9B-5D28D0A03120} = {3D638725-3CA7-49FE-AB14-4C07834768AB}
		{213EC85B-E9BF-4C20-89EB-02F190C12C22} = {3D638725-3CA7-49FE-AB14-4C07834768AB}
		{4DFCAA1E-617B-4962-8CED-7F3E2BB3C398} = {3D638725-3CA7-49FE-AB14-4C07834768AB}
		{8D7095AE-B5F0-44FB-BF7B-AB6102B931C2} = {3D638725-3CA7-49FE-AB14-4C07834768AB}
		{5F1BC201-EB6E-41C3-83AD-B36F507ED998} = {3D638725-3CA7-49FE-AB14-4C07834768AB}
		{96DAB41C-3090-4E79-A88F-07A7BC3C47B1} = {3D638725-3CA7-49FE-AB14-4C07834768AB}
		{EA29BB7A-06AB-4908-8F31-919E46707865} = {3D638725-3CA7-49FE-AB14-4C07834768AB}
		{0D62A2A8-93F9-4035-B4FF-4B718B1BB887} = {3D638725-3CA7-49FE-AB14-4C07834768AB}
		{D7AD6E0C-3579-4B27-8E9F-48222132CA6E} = {3D638725-3CA7-49FE-AB14-4C07834768AB}
		{7C5B7ED8-80FE-47A2-8B50-8270640733CB} = {3D638725-3CA7-49FE-AB14-4C07834768AB}
		{AD6C980D-B5AE-4E65-A602-540215DD944B} = {3D638725-3CA7-49FE-AB14-4C07834768AB}
		{42F0B101-E15C-472A-8510-A3CDC7E6A509} = {3D638725-3CA7-49FE-AB14-4C07834768AB}
		{6AFBA182-F7E5-4ADD-80F3-E20FE8706747} = {3D638725-3CA7-49FE-AB14-4C07834768AB}
		{AFCD4184-6A61-4FBD-89AA-D2F70850B977} = {3D638725-3CA7-49FE-AB14-4C07834768AB}
		{714E4D8E-4888-439B-A940-4D482DC1250D} = {3D638725-3CA7-49FE-AB14-4C07834768AB}
		{5F4D1295-0181-4678-B2B2-947FEE030561} = {3D638725-3CA7-49FE-AB14-4C07834768AB}
		{4FAEBA9D-15D3-48C1-8832-0BA258B07123} = {3D638725-3CA7-49FE-AB14-4C07834768AB}
		{E4A7C30A-5648-4AAE-AC66-9CDBFF3AAD35} = {3D638725-3CA7-49FE-AB14-4C07834768AB}
		{E62824DE-ED71-43BE-B2EA-CA2070BBD2AE} = {3D638725-3CA7-49FE-AB14-4C07834768AB}
		{8EE48E1B-E488-4E51-952A-4D6F088A48B0} = {3D638725-3CA7-49FE-AB14-4C07834768AB}
		{718D0077-1989-4F4A-9AE4-18B2C8B11249} = {3D638725-3CA7-49FE-AB14-4C07834768AB}
		{F52A3921-396F-41F5-9426-81397F78205A} = {3D638725-3CA7-49FE-AB14-4C07834768AB}
		{22D53093-923F-403B-BEDF-0914BA873D9B} = {3D638725-3CA7-49FE-AB14-4C07834768AB}
		{9DC9B0B5-0264-456A-A07F-F7EC84A364B8} = {3D638725-3CA7-49FE-AB14-4C07834768AB}
		{4F7164D0-DED6-4FD1-9DEC-53A55C41E54C} = {3D638725-3CA7-49FE-AB14-4C07834768AB}
		{41AD56D5-52C5-40DD-A3EC-3E8284796466} = {3D638725-3CA7-49FE-AB14-4C07834768AB}
		{486F5E77-314B-49DE-A641-BFDEB78D9AC0} = {3D638725-3CA7-49FE-AB14-4C07834768AB}
		{A80F8F5D-DBFB-4E3D-8EA5-128E6951B8A3} = {3D638725-3CA7-49FE-AB14-4C07834768AB}
		{A99419F5-D6AB-4511-9C2A-52AC70275C1B} = {3D638725-3CA7-49FE-AB14-4C07834768AB}
		{0BEFD0AC-6DCF-4EBD-8B96-D1B5F29C9238} = {3D638725-3CA7-49FE-AB14-4C07834768AB}
		{46EAF97C-A9F1-4ECF-962C-0890DECB00A5} = {3D638725-3CA7-49FE-AB14-4C07834768AB}
		{EB74E8AE-267A-4761-BBCF-1A883654B30C} = {3D638725-3CA7-49FE-AB14-4C07834768AB}
		{D47B1924-B136-4EC6-B51F-FB19C6860665} = {3D638725-3CA7-49FE-AB14-4C07834768AB}
		{80741220-8681-45A5-928A-171FB5DB283C} = {3D638725-3CA7-49FE-AB14-4C07834768AB}
		{C57F0BF1-7C1E-4847-AA8F-1515D1274098} = {3D638725-3CA7-49FE-AB14-4C07834768AB}
		{67636133-DE3E-4005-811D-EC3936AAE3BB} = {3D638725-3CA7-49FE-AB14-4C07834768AB}
		{90FECDE9-0CCE-4E68-B273-45F199791DB1} = {3D638725-3CA7-49FE-AB14-4C07834768AB}
		{0A915094-016E-4239-93D8-BB25188B51DB} = {3D638725-3CA7-49FE-AB14-4C07834768AB}
		{8CF661BE-37A2-40DE-9CAE-95AA2213572A} = {3D638725-3CA7-49FE-AB14-4C07834768AB}
		{A3841CC9-ECDD-4933-97F8-E6F24AF8B35B} = {3D638725-3CA7-49FE-AB14-4C07834768AB}
		{85BB4E05-03B6-4E84-BA3C-6635BC011A38} = {3D638725-3CA7-49FE-AB14-4C07834768AB}
	EndGlobalSection
	GlobalSection(ExtensibilityGlobals) = postSolution
		SolutionGuid = {9932E0CB-C080-4D35-8DAD-DBAAF171EA4A}
	EndGlobalSection
EndGlobal
